
Microsoft Visual Studio Solution File, Format Version 12.00
# Visual Studio Version 16
VisualStudioVersion = 16.0.32126.315
MinimumVisualStudioVersion = 10.0.40219.1
Project("{FAE04EC0-301F-11D3-BF4B-00C04F79EFBC}") = "153503_KakhnouskiEugene_Lab1", "153503_KakhnouskiEugene_Lab1\153503_KakhnouskiEugene_Lab1.csproj", "{A62EB4F6-D4FF-42D1-80EC-E84D2B480C10}"
EndProject
Global
	GlobalSection(SolutionConfigurationPlatforms) = preSolution
		Debug|Any CPU = Debug|Any CPU
		Release|Any CPU = Release|Any CPU
	EndGlobalSection
	GlobalSection(ProjectConfigurationPlatforms) = postSolution
		{A62EB4F6-D4FF-42D1-80EC-E84D2B480C10}.Debug|Any CPU.ActiveCfg = Debug|Any CPU
		{A62EB4F6-D4FF-42D1-80EC-E84D2B480C10}.Debug|Any CPU.Build.0 = Debug|Any CPU
		{A62EB4F6-D4FF-42D1-80EC-E84D2B480C10}.Release|Any CPU.ActiveCfg = Release|Any CPU
		{A62EB4F6-D4FF-42D1-80EC-E84D2B480C10}.Release|Any CPU.Build.0 = Release|Any CPU
	EndGlobalSection
	GlobalSection(SolutionProperties) = preSolution
		HideSolutionNode = FALSE
	EndGlobalSection
	GlobalSection(ExtensibilityGlobals) = postSolution
		SolutionGuid = {1922F8AA-86D4-4A26-B86D-D8E193312836}
	EndGlobalSection
EndGlobal
