
Microsoft Visual Studio Solution File, Format Version 12.00
# Visual Studio Version 16
VisualStudioVersion = 16.0.31624.102
MinimumVisualStudioVersion = 10.0.40219.1
Project("{8BC9CEB8-8B4A-11D0-8D11-00A0C91BC942}") = "Task1.1", "Lab7\Lab7.vcxproj", "{E95F1716-BF93-45C7-A3CD-025F33D42D0A}"
EndProject
Project("{8BC9CEB8-8B4A-11D0-8D11-00A0C91BC942}") = "Task1.2", "Task1.2\Task1.2.vcxproj", "{4AFD4E41-3A4B-4C04-82DE-E36A210B78D8}"
EndProject
Project("{8BC9CEB8-8B4A-11D0-8D11-00A0C91BC942}") = "Task2", "TAsk2\TAsk2.vcxproj", "{3398A6D5-A06E-42AE-8184-8CE58F1ECF2E}"
EndProject
Project("{8BC9CEB8-8B4A-11D0-8D11-00A0C91BC942}") = "Task3", "Task3\Task3.vcxproj", "{CE65F7D9-B83B-4E9C-BFC0-05456B777F89}"
EndProject
Project("{8BC9CEB8-8B4A-11D0-8D11-00A0C91BC942}") = "Task4", "Task4\Task4.vcxproj", "{1CD30875-153F-42B8-A3F6-0C95D147E16B}"
EndProject
Project("{8BC9CEB8-8B4A-11D0-8D11-00A0C91BC942}") = "Task5", "Task5\Task5.vcxproj", "{593A3C02-6AF4-469A-9A44-4F348FB176E7}"
EndProject
Project("{8BC9CEB8-8B4A-11D0-8D11-00A0C91BC942}") = "Task6", "TAsk6\TAsk6.vcxproj", "{D7152B36-DE71-4694-A983-FC09E5A98DA0}"
EndProject
Project("{8BC9CEB8-8B4A-11D0-8D11-00A0C91BC942}") = "Task7", "ЕФыл7\ЕФыл7.vcxproj", "{693865E2-E1F9-4F86-9965-E4FA2E29934C}"
EndProject
Project("{8BC9CEB8-8B4A-11D0-8D11-00A0C91BC942}") = "Task8", "Task8\Task8.vcxproj", "{A19D7EA2-CF4A-49BB-AC35-0363B5132DB1}"
EndProject
Project("{8BC9CEB8-8B4A-11D0-8D11-00A0C91BC942}") = "Task9", "Task9\Task9.vcxproj", "{1454F75A-0F6A-47D7-8006-6BCB8C5E3F85}"
EndProject
Project("{8BC9CEB8-8B4A-11D0-8D11-00A0C91BC942}") = "Task10", "Task10\Task10.vcxproj", "{DB9D347E-E52C-4389-8D73-958ABEA44749}"
EndProject
Project("{8BC9CEB8-8B4A-11D0-8D11-00A0C91BC942}") = "Test1", "Test1\Test1.vcxproj", "{0EF419B5-2028-4A02-87A5-C111CF9AF686}"
EndProject
Global
	GlobalSection(SolutionConfigurationPlatforms) = preSolution
		Debug|x64 = Debug|x64
		Debug|x86 = Debug|x86
		Release|x64 = Release|x64
		Release|x86 = Release|x86
	EndGlobalSection
	GlobalSection(ProjectConfigurationPlatforms) = postSolution
		{E95F1716-BF93-45C7-A3CD-025F33D42D0A}.Debug|x64.ActiveCfg = Debug|x64
		{E95F1716-BF93-45C7-A3CD-025F33D42D0A}.Debug|x64.Build.0 = Debug|x64
		{E95F1716-BF93-45C7-A3CD-025F33D42D0A}.Debug|x86.ActiveCfg = Debug|Win32
		{E95F1716-BF93-45C7-A3CD-025F33D42D0A}.Debug|x86.Build.0 = Debug|Win32
		{E95F1716-BF93-45C7-A3CD-025F33D42D0A}.Release|x64.ActiveCfg = Release|x64
		{E95F1716-BF93-45C7-A3CD-025F33D42D0A}.Release|x64.Build.0 = Release|x64
		{E95F1716-BF93-45C7-A3CD-025F33D42D0A}.Release|x86.ActiveCfg = Release|Win32
		{E95F1716-BF93-45C7-A3CD-025F33D42D0A}.Release|x86.Build.0 = Release|Win32
		{4AFD4E41-3A4B-4C04-82DE-E36A210B78D8}.Debug|x64.ActiveCfg = Debug|x64
		{4AFD4E41-3A4B-4C04-82DE-E36A210B78D8}.Debug|x64.Build.0 = Debug|x64
		{4AFD4E41-3A4B-4C04-82DE-E36A210B78D8}.Debug|x86.ActiveCfg = Debug|Win32
		{4AFD4E41-3A4B-4C04-82DE-E36A210B78D8}.Debug|x86.Build.0 = Debug|Win32
		{4AFD4E41-3A4B-4C04-82DE-E36A210B78D8}.Release|x64.ActiveCfg = Release|x64
		{4AFD4E41-3A4B-4C04-82DE-E36A210B78D8}.Release|x64.Build.0 = Release|x64
		{4AFD4E41-3A4B-4C04-82DE-E36A210B78D8}.Release|x86.ActiveCfg = Release|Win32
		{4AFD4E41-3A4B-4C04-82DE-E36A210B78D8}.Release|x86.Build.0 = Release|Win32
		{3398A6D5-A06E-42AE-8184-8CE58F1ECF2E}.Debug|x64.ActiveCfg = Debug|x64
		{3398A6D5-A06E-42AE-8184-8CE58F1ECF2E}.Debug|x64.Build.0 = Debug|x64
		{3398A6D5-A06E-42AE-8184-8CE58F1ECF2E}.Debug|x86.ActiveCfg = Debug|Win32
		{3398A6D5-A06E-42AE-8184-8CE58F1ECF2E}.Debug|x86.Build.0 = Debug|Win32
		{3398A6D5-A06E-42AE-8184-8CE58F1ECF2E}.Release|x64.ActiveCfg = Release|x64
		{3398A6D5-A06E-42AE-8184-8CE58F1ECF2E}.Release|x64.Build.0 = Release|x64
		{3398A6D5-A06E-42AE-8184-8CE58F1ECF2E}.Release|x86.ActiveCfg = Release|Win32
		{3398A6D5-A06E-42AE-8184-8CE58F1ECF2E}.Release|x86.Build.0 = Release|Win32
		{CE65F7D9-B83B-4E9C-BFC0-05456B777F89}.Debug|x64.ActiveCfg = Debug|x64
		{CE65F7D9-B83B-4E9C-BFC0-05456B777F89}.Debug|x64.Build.0 = Debug|x64
		{CE65F7D9-B83B-4E9C-BFC0-05456B777F89}.Debug|x86.ActiveCfg = Debug|Win32
		{CE65F7D9-B83B-4E9C-BFC0-05456B777F89}.Debug|x86.Build.0 = Debug|Win32
		{CE65F7D9-B83B-4E9C-BFC0-05456B777F89}.Release|x64.ActiveCfg = Release|x64
		{CE65F7D9-B83B-4E9C-BFC0-05456B777F89}.Release|x64.Build.0 = Release|x64
		{CE65F7D9-B83B-4E9C-BFC0-05456B777F89}.Release|x86.ActiveCfg = Release|Win32
		{CE65F7D9-B83B-4E9C-BFC0-05456B777F89}.Release|x86.Build.0 = Release|Win32
		{1CD30875-153F-42B8-A3F6-0C95D147E16B}.Debug|x64.ActiveCfg = Debug|x64
		{1CD30875-153F-42B8-A3F6-0C95D147E16B}.Debug|x64.Build.0 = Debug|x64
		{1CD30875-153F-42B8-A3F6-0C95D147E16B}.Debug|x86.ActiveCfg = Debug|Win32
		{1CD30875-153F-42B8-A3F6-0C95D147E16B}.Debug|x86.Build.0 = Debug|Win32
		{1CD30875-153F-42B8-A3F6-0C95D147E16B}.Release|x64.ActiveCfg = Release|x64
		{1CD30875-153F-42B8-A3F6-0C95D147E16B}.Release|x64.Build.0 = Release|x64
		{1CD30875-153F-42B8-A3F6-0C95D147E16B}.Release|x86.ActiveCfg = Release|Win32
		{1CD30875-153F-42B8-A3F6-0C95D147E16B}.Release|x86.Build.0 = Release|Win32
		{593A3C02-6AF4-469A-9A44-4F348FB176E7}.Debug|x64.ActiveCfg = Debug|x64
		{593A3C02-6AF4-469A-9A44-4F348FB176E7}.Debug|x64.Build.0 = Debug|x64
		{593A3C02-6AF4-469A-9A44-4F348FB176E7}.Debug|x86.ActiveCfg = Debug|Win32
		{593A3C02-6AF4-469A-9A44-4F348FB176E7}.Debug|x86.Build.0 = Debug|Win32
		{593A3C02-6AF4-469A-9A44-4F348FB176E7}.Release|x64.ActiveCfg = Release|x64
		{593A3C02-6AF4-469A-9A44-4F348FB176E7}.Release|x64.Build.0 = Release|x64
		{593A3C02-6AF4-469A-9A44-4F348FB176E7}.Release|x86.ActiveCfg = Release|Win32
		{593A3C02-6AF4-469A-9A44-4F348FB176E7}.Release|x86.Build.0 = Release|Win32
		{D7152B36-DE71-4694-A983-FC09E5A98DA0}.Debug|x64.ActiveCfg = Debug|x64
		{D7152B36-DE71-4694-A983-FC09E5A98DA0}.Debug|x64.Build.0 = Debug|x64
		{D7152B36-DE71-4694-A983-FC09E5A98DA0}.Debug|x86.ActiveCfg = Debug|Win32
		{D7152B36-DE71-4694-A983-FC09E5A98DA0}.Debug|x86.Build.0 = Debug|Win32
		{D7152B36-DE71-4694-A983-FC09E5A98DA0}.Release|x64.ActiveCfg = Release|x64
		{D7152B36-DE71-4694-A983-FC09E5A98DA0}.Release|x64.Build.0 = Release|x64
		{D7152B36-DE71-4694-A983-FC09E5A98DA0}.Release|x86.ActiveCfg = Release|Win32
		{D7152B36-DE71-4694-A983-FC09E5A98DA0}.Release|x86.Build.0 = Release|Win32
		{693865E2-E1F9-4F86-9965-E4FA2E29934C}.Debug|x64.ActiveCfg = Debug|x64
		{693865E2-E1F9-4F86-9965-E4FA2E29934C}.Debug|x64.Build.0 = Debug|x64
		{693865E2-E1F9-4F86-9965-E4FA2E29934C}.Debug|x86.ActiveCfg = Debug|Win32
		{693865E2-E1F9-4F86-9965-E4FA2E29934C}.Debug|x86.Build.0 = Debug|Win32
		{693865E2-E1F9-4F86-9965-E4FA2E29934C}.Release|x64.ActiveCfg = Release|x64
		{693865E2-E1F9-4F86-9965-E4FA2E29934C}.Release|x64.Build.0 = Release|x64
		{693865E2-E1F9-4F86-9965-E4FA2E29934C}.Release|x86.ActiveCfg = Release|Win32
		{693865E2-E1F9-4F86-9965-E4FA2E29934C}.Release|x86.Build.0 = Release|Win32
		{A19D7EA2-CF4A-49BB-AC35-0363B5132DB1}.Debug|x64.ActiveCfg = Debug|x64
		{A19D7EA2-CF4A-49BB-AC35-0363B5132DB1}.Debug|x64.Build.0 = Debug|x64
		{A19D7EA2-CF4A-49BB-AC35-0363B5132DB1}.Debug|x86.ActiveCfg = Debug|Win32
		{A19D7EA2-CF4A-49BB-AC35-0363B5132DB1}.Debug|x86.Build.0 = Debug|Win32
		{A19D7EA2-CF4A-49BB-AC35-0363B5132DB1}.Release|x64.ActiveCfg = Release|x64
		{A19D7EA2-CF4A-49BB-AC35-0363B5132DB1}.Release|x64.Build.0 = Release|x64
		{A19D7EA2-CF4A-49BB-AC35-0363B5132DB1}.Release|x86.ActiveCfg = Release|Win32
		{A19D7EA2-CF4A-49BB-AC35-0363B5132DB1}.Release|x86.Build.0 = Release|Win32
		{1454F75A-0F6A-47D7-8006-6BCB8C5E3F85}.Debug|x64.ActiveCfg = Debug|x64
		{1454F75A-0F6A-47D7-8006-6BCB8C5E3F85}.Debug|x64.Build.0 = Debug|x64
		{1454F75A-0F6A-47D7-8006-6BCB8C5E3F85}.Debug|x86.ActiveCfg = Debug|Win32
		{1454F75A-0F6A-47D7-8006-6BCB8C5E3F85}.Debug|x86.Build.0 = Debug|Win32
		{1454F75A-0F6A-47D7-8006-6BCB8C5E3F85}.Release|x64.ActiveCfg = Release|x64
		{1454F75A-0F6A-47D7-8006-6BCB8C5E3F85}.Release|x64.Build.0 = Release|x64
		{1454F75A-0F6A-47D7-8006-6BCB8C5E3F85}.Release|x86.ActiveCfg = Release|Win32
		{1454F75A-0F6A-47D7-8006-6BCB8C5E3F85}.Release|x86.Build.0 = Release|Win32
		{DB9D347E-E52C-4389-8D73-958ABEA44749}.Debug|x64.ActiveCfg = Debug|x64
		{DB9D347E-E52C-4389-8D73-958ABEA44749}.Debug|x64.Build.0 = Debug|x64
		{DB9D347E-E52C-4389-8D73-958ABEA44749}.Debug|x86.ActiveCfg = Debug|Win32
		{DB9D347E-E52C-4389-8D73-958ABEA44749}.Debug|x86.Build.0 = Debug|Win32
		{DB9D347E-E52C-4389-8D73-958ABEA44749}.Release|x64.ActiveCfg = Release|x64
		{DB9D347E-E52C-4389-8D73-958ABEA44749}.Release|x64.Build.0 = Release|x64
		{DB9D347E-E52C-4389-8D73-958ABEA44749}.Release|x86.ActiveCfg = Release|Win32
		{DB9D347E-E52C-4389-8D73-958ABEA44749}.Release|x86.Build.0 = Release|Win32
		{0EF419B5-2028-4A02-87A5-C111CF9AF686}.Debug|x64.ActiveCfg = Debug|x64
		{0EF419B5-2028-4A02-87A5-C111CF9AF686}.Debug|x64.Build.0 = Debug|x64
		{0EF419B5-2028-4A02-87A5-C111CF9AF686}.Debug|x86.ActiveCfg = Debug|Win32
		{0EF419B5-2028-4A02-87A5-C111CF9AF686}.Debug|x86.Build.0 = Debug|Win32
		{0EF419B5-2028-4A02-87A5-C111CF9AF686}.Release|x64.ActiveCfg = Release|x64
		{0EF419B5-2028-4A02-87A5-C111CF9AF686}.Release|x64.Build.0 = Release|x64
		{0EF419B5-2028-4A02-87A5-C111CF9AF686}.Release|x86.ActiveCfg = Release|Win32
		{0EF419B5-2028-4A02-87A5-C111CF9AF686}.Release|x86.Build.0 = Release|Win32
	EndGlobalSection
	GlobalSection(SolutionProperties) = preSolution
		HideSolutionNode = FALSE
	EndGlobalSection
	GlobalSection(ExtensibilityGlobals) = postSolution
		SolutionGuid = {CCB0BE63-DF9A-4B48-B037-282334E81522}
	EndGlobalSection
EndGlobal
