
Microsoft Visual Studio Solution File, Format Version 12.00
# Visual Studio Version 17
VisualStudioVersion = 17.8.34330.188
MinimumVisualStudioVersion = 10.0.40219.1
Project("{8BC9CEB8-8B4A-11D0-8D11-00A0C91BC942}") = "Fixtengolz", "Fixtengolz.vcxproj", "{0536BD68-6A6C-4B6D-B1C3-A626C80B2950}"
EndProject
Global
	GlobalSection(SolutionConfigurationPlatforms) = preSolution
		Debug|x64 = Debug|x64
		Debug|x86 = Debug|x86
		Release|x64 = Release|x64
		Release|x86 = Release|x86
	EndGlobalSection
	GlobalSection(ProjectConfigurationPlatforms) = postSolution
		{0536BD68-6A6C-4B6D-B1C3-A626C80B2950}.Debug|x64.ActiveCfg = Debug|x64
		{0536BD68-6A6C-4B6D-B1C3-A626C80B2950}.Debug|x64.Build.0 = Debug|x64
		{0536BD68-6A6C-4B6D-B1C3-A626C80B2950}.Debug|x86.ActiveCfg = Debug|Win32
		{0536BD68-6A6C-4B6D-B1C3-A626C80B2950}.Debug|x86.Build.0 = Debug|Win32
		{0536BD68-6A6C-4B6D-B1C3-A626C80B2950}.Release|x64.ActiveCfg = Release|x64
		{0536BD68-6A6C-4B6D-B1C3-A626C80B2950}.Release|x64.Build.0 = Release|x64
		{0536BD68-6A6C-4B6D-B1C3-A626C80B2950}.Release|x86.ActiveCfg = Release|Win32
		{0536BD68-6A6C-4B6D-B1C3-A626C80B2950}.Release|x86.Build.0 = Release|Win32
	EndGlobalSection
	GlobalSection(SolutionProperties) = preSolution
		HideSolutionNode = FALSE
	EndGlobalSection
	GlobalSection(ExtensibilityGlobals) = postSolution
		SolutionGuid = {1EAB3063-F335-473B-ABE1-2EE1393A61E2}
	EndGlobalSection
EndGlobal
