
Microsoft Visual Studio Solution File, Format Version 12.00
# Visual Studio Version 16
VisualStudioVersion = 16.0.31624.102
MinimumVisualStudioVersion = 10.0.40219.1
Project("{8BC9CEB8-8B4A-11D0-8D11-00A0C91BC942}") = "Task1", "Lab5\Lab5.vcxproj", "{5DA22D64-86DE-45B4-843E-6CDC34189D3F}"
EndProject
Project("{8BC9CEB8-8B4A-11D0-8D11-00A0C91BC942}") = "Task2", "Task2\Task2.vcxproj", "{862FE780-A31B-4923-98D8-4E2C1D0A9627}"
EndProject
Project("{8BC9CEB8-8B4A-11D0-8D11-00A0C91BC942}") = "Task3", "Task3\Task3.vcxproj", "{C012FBCC-21FB-47F0-A100-06AD0C5E85AD}"
EndProject
Project("{8BC9CEB8-8B4A-11D0-8D11-00A0C91BC942}") = "Task4", "Task4\Task4.vcxproj", "{74C3DEB5-0F6F-4011-966A-1565CABAA5A2}"
EndProject
Project("{8BC9CEB8-8B4A-11D0-8D11-00A0C91BC942}") = "Task5", "Task5\Task5.vcxproj", "{F1090BD5-546B-46AA-9DE3-4312507DE820}"
EndProject
Project("{8BC9CEB8-8B4A-11D0-8D11-00A0C91BC942}") = "Task6", "Task6\Task6.vcxproj", "{52DC0E0B-41E7-4F4D-B412-B2E95FB2316D}"
EndProject
Project("{8BC9CEB8-8B4A-11D0-8D11-00A0C91BC942}") = "Task7", "Task7\Task7.vcxproj", "{36CB356A-87B3-4460-8911-4C6740FFD83C}"
EndProject
Project("{8BC9CEB8-8B4A-11D0-8D11-00A0C91BC942}") = "Task8", "Task8\Task8.vcxproj", "{A09C7EFD-A749-49B7-88D3-895231849F3B}"
EndProject
Project("{8BC9CEB8-8B4A-11D0-8D11-00A0C91BC942}") = "DynamicLib", "DynamicLib\DynamicLib.vcxproj", "{15042969-1225-4954-86F1-F9B4C1E40FA0}"
EndProject
Project("{8BC9CEB8-8B4A-11D0-8D11-00A0C91BC942}") = "Test", "Test\Test.vcxproj", "{2A0873C0-E995-4355-ABD6-35A0A1ECFC37}"
EndProject
Global
	GlobalSection(SolutionConfigurationPlatforms) = preSolution
		Debug|x64 = Debug|x64
		Debug|x86 = Debug|x86
		Release|x64 = Release|x64
		Release|x86 = Release|x86
	EndGlobalSection
	GlobalSection(ProjectConfigurationPlatforms) = postSolution
		{5DA22D64-86DE-45B4-843E-6CDC34189D3F}.Debug|x64.ActiveCfg = Debug|x64
		{5DA22D64-86DE-45B4-843E-6CDC34189D3F}.Debug|x64.Build.0 = Debug|x64
		{5DA22D64-86DE-45B4-843E-6CDC34189D3F}.Debug|x86.ActiveCfg = Debug|Win32
		{5DA22D64-86DE-45B4-843E-6CDC34189D3F}.Debug|x86.Build.0 = Debug|Win32
		{5DA22D64-86DE-45B4-843E-6CDC34189D3F}.Release|x64.ActiveCfg = Release|x64
		{5DA22D64-86DE-45B4-843E-6CDC34189D3F}.Release|x64.Build.0 = Release|x64
		{5DA22D64-86DE-45B4-843E-6CDC34189D3F}.Release|x86.ActiveCfg = Release|Win32
		{5DA22D64-86DE-45B4-843E-6CDC34189D3F}.Release|x86.Build.0 = Release|Win32
		{862FE780-A31B-4923-98D8-4E2C1D0A9627}.Debug|x64.ActiveCfg = Debug|x64
		{862FE780-A31B-4923-98D8-4E2C1D0A9627}.Debug|x64.Build.0 = Debug|x64
		{862FE780-A31B-4923-98D8-4E2C1D0A9627}.Debug|x86.ActiveCfg = Debug|Win32
		{862FE780-A31B-4923-98D8-4E2C1D0A9627}.Debug|x86.Build.0 = Debug|Win32
		{862FE780-A31B-4923-98D8-4E2C1D0A9627}.Release|x64.ActiveCfg = Release|x64
		{862FE780-A31B-4923-98D8-4E2C1D0A9627}.Release|x64.Build.0 = Release|x64
		{862FE780-A31B-4923-98D8-4E2C1D0A9627}.Release|x86.ActiveCfg = Release|Win32
		{862FE780-A31B-4923-98D8-4E2C1D0A9627}.Release|x86.Build.0 = Release|Win32
		{C012FBCC-21FB-47F0-A100-06AD0C5E85AD}.Debug|x64.ActiveCfg = Debug|x64
		{C012FBCC-21FB-47F0-A100-06AD0C5E85AD}.Debug|x64.Build.0 = Debug|x64
		{C012FBCC-21FB-47F0-A100-06AD0C5E85AD}.Debug|x86.ActiveCfg = Debug|Win32
		{C012FBCC-21FB-47F0-A100-06AD0C5E85AD}.Debug|x86.Build.0 = Debug|Win32
		{C012FBCC-21FB-47F0-A100-06AD0C5E85AD}.Release|x64.ActiveCfg = Release|x64
		{C012FBCC-21FB-47F0-A100-06AD0C5E85AD}.Release|x64.Build.0 = Release|x64
		{C012FBCC-21FB-47F0-A100-06AD0C5E85AD}.Release|x86.ActiveCfg = Release|Win32
		{C012FBCC-21FB-47F0-A100-06AD0C5E85AD}.Release|x86.Build.0 = Release|Win32
		{74C3DEB5-0F6F-4011-966A-1565CABAA5A2}.Debug|x64.ActiveCfg = Debug|x64
		{74C3DEB5-0F6F-4011-966A-1565CABAA5A2}.Debug|x64.Build.0 = Debug|x64
		{74C3DEB5-0F6F-4011-966A-1565CABAA5A2}.Debug|x86.ActiveCfg = Debug|Win32
		{74C3DEB5-0F6F-4011-966A-1565CABAA5A2}.Debug|x86.Build.0 = Debug|Win32
		{74C3DEB5-0F6F-4011-966A-1565CABAA5A2}.Release|x64.ActiveCfg = Release|x64
		{74C3DEB5-0F6F-4011-966A-1565CABAA5A2}.Release|x64.Build.0 = Release|x64
		{74C3DEB5-0F6F-4011-966A-1565CABAA5A2}.Release|x86.ActiveCfg = Release|Win32
		{74C3DEB5-0F6F-4011-966A-1565CABAA5A2}.Release|x86.Build.0 = Release|Win32
		{F1090BD5-546B-46AA-9DE3-4312507DE820}.Debug|x64.ActiveCfg = Debug|x64
		{F1090BD5-546B-46AA-9DE3-4312507DE820}.Debug|x64.Build.0 = Debug|x64
		{F1090BD5-546B-46AA-9DE3-4312507DE820}.Debug|x86.ActiveCfg = Debug|Win32
		{F1090BD5-546B-46AA-9DE3-4312507DE820}.Debug|x86.Build.0 = Debug|Win32
		{F1090BD5-546B-46AA-9DE3-4312507DE820}.Release|x64.ActiveCfg = Release|x64
		{F1090BD5-546B-46AA-9DE3-4312507DE820}.Release|x64.Build.0 = Release|x64
		{F1090BD5-546B-46AA-9DE3-4312507DE820}.Release|x86.ActiveCfg = Release|Win32
		{F1090BD5-546B-46AA-9DE3-4312507DE820}.Release|x86.Build.0 = Release|Win32
		{52DC0E0B-41E7-4F4D-B412-B2E95FB2316D}.Debug|x64.ActiveCfg = Debug|x64
		{52DC0E0B-41E7-4F4D-B412-B2E95FB2316D}.Debug|x64.Build.0 = Debug|x64
		{52DC0E0B-41E7-4F4D-B412-B2E95FB2316D}.Debug|x86.ActiveCfg = Debug|Win32
		{52DC0E0B-41E7-4F4D-B412-B2E95FB2316D}.Debug|x86.Build.0 = Debug|Win32
		{52DC0E0B-41E7-4F4D-B412-B2E95FB2316D}.Release|x64.ActiveCfg = Release|x64
		{52DC0E0B-41E7-4F4D-B412-B2E95FB2316D}.Release|x64.Build.0 = Release|x64
		{52DC0E0B-41E7-4F4D-B412-B2E95FB2316D}.Release|x86.ActiveCfg = Release|Win32
		{52DC0E0B-41E7-4F4D-B412-B2E95FB2316D}.Release|x86.Build.0 = Release|Win32
		{36CB356A-87B3-4460-8911-4C6740FFD83C}.Debug|x64.ActiveCfg = Debug|x64
		{36CB356A-87B3-4460-8911-4C6740FFD83C}.Debug|x64.Build.0 = Debug|x64
		{36CB356A-87B3-4460-8911-4C6740FFD83C}.Debug|x86.ActiveCfg = Debug|Win32
		{36CB356A-87B3-4460-8911-4C6740FFD83C}.Debug|x86.Build.0 = Debug|Win32
		{36CB356A-87B3-4460-8911-4C6740FFD83C}.Release|x64.ActiveCfg = Release|x64
		{36CB356A-87B3-4460-8911-4C6740FFD83C}.Release|x64.Build.0 = Release|x64
		{36CB356A-87B3-4460-8911-4C6740FFD83C}.Release|x86.ActiveCfg = Release|Win32
		{36CB356A-87B3-4460-8911-4C6740FFD83C}.Release|x86.Build.0 = Release|Win32
		{A09C7EFD-A749-49B7-88D3-895231849F3B}.Debug|x64.ActiveCfg = Debug|x64
		{A09C7EFD-A749-49B7-88D3-895231849F3B}.Debug|x64.Build.0 = Debug|x64
		{A09C7EFD-A749-49B7-88D3-895231849F3B}.Debug|x86.ActiveCfg = Debug|Win32
		{A09C7EFD-A749-49B7-88D3-895231849F3B}.Debug|x86.Build.0 = Debug|Win32
		{A09C7EFD-A749-49B7-88D3-895231849F3B}.Release|x64.ActiveCfg = Release|x64
		{A09C7EFD-A749-49B7-88D3-895231849F3B}.Release|x64.Build.0 = Release|x64
		{A09C7EFD-A749-49B7-88D3-895231849F3B}.Release|x86.ActiveCfg = Release|Win32
		{A09C7EFD-A749-49B7-88D3-895231849F3B}.Release|x86.Build.0 = Release|Win32
		{15042969-1225-4954-86F1-F9B4C1E40FA0}.Debug|x64.ActiveCfg = Debug|x64
		{15042969-1225-4954-86F1-F9B4C1E40FA0}.Debug|x64.Build.0 = Debug|x64
		{15042969-1225-4954-86F1-F9B4C1E40FA0}.Debug|x86.ActiveCfg = Debug|Win32
		{15042969-1225-4954-86F1-F9B4C1E40FA0}.Debug|x86.Build.0 = Debug|Win32
		{15042969-1225-4954-86F1-F9B4C1E40FA0}.Release|x64.ActiveCfg = Release|x64
		{15042969-1225-4954-86F1-F9B4C1E40FA0}.Release|x64.Build.0 = Release|x64
		{15042969-1225-4954-86F1-F9B4C1E40FA0}.Release|x86.ActiveCfg = Release|Win32
		{15042969-1225-4954-86F1-F9B4C1E40FA0}.Release|x86.Build.0 = Release|Win32
		{2A0873C0-E995-4355-ABD6-35A0A1ECFC37}.Debug|x64.ActiveCfg = Debug|x64
		{2A0873C0-E995-4355-ABD6-35A0A1ECFC37}.Debug|x64.Build.0 = Debug|x64
		{2A0873C0-E995-4355-ABD6-35A0A1ECFC37}.Debug|x86.ActiveCfg = Debug|Win32
		{2A0873C0-E995-4355-ABD6-35A0A1ECFC37}.Debug|x86.Build.0 = Debug|Win32
		{2A0873C0-E995-4355-ABD6-35A0A1ECFC37}.Release|x64.ActiveCfg = Release|x64
		{2A0873C0-E995-4355-ABD6-35A0A1ECFC37}.Release|x64.Build.0 = Release|x64
		{2A0873C0-E995-4355-ABD6-35A0A1ECFC37}.Release|x86.ActiveCfg = Release|Win32
		{2A0873C0-E995-4355-ABD6-35A0A1ECFC37}.Release|x86.Build.0 = Release|Win32
	EndGlobalSection
	GlobalSection(SolutionProperties) = preSolution
		HideSolutionNode = FALSE
	EndGlobalSection
	GlobalSection(ExtensibilityGlobals) = postSolution
		SolutionGuid = {46877EF6-1E84-400F-B6AC-5F845BDCBD5F}
	EndGlobalSection
EndGlobal
