
Microsoft Visual Studio Solution File, Format Version 12.00
# Visual Studio Version 16
VisualStudioVersion = 16.0.31624.102
MinimumVisualStudioVersion = 10.0.40219.1
Project("{8BC9CEB8-8B4A-11D0-8D11-00A0C91BC942}") = "Lab4", "Lab4\Lab4.vcxproj", "{A406CB43-E921-4D53-84BF-AF9A26110960}"
EndProject
Project("{8BC9CEB8-8B4A-11D0-8D11-00A0C91BC942}") = "Task1", "Task1\Task1.vcxproj", "{2C2F4E6E-0E21-4A3C-8BE4-3DB3E566ADCE}"
EndProject
Project("{8BC9CEB8-8B4A-11D0-8D11-00A0C91BC942}") = "Task2", "Task2\Task2.vcxproj", "{7C460343-832F-455B-A350-63F5B28A0077}"
EndProject
Project("{8BC9CEB8-8B4A-11D0-8D11-00A0C91BC942}") = "Task3", "Task3\Task3.vcxproj", "{DF8B49B0-B10F-4CE5-B7D0-885C9DB966B0}"
EndProject
Project("{8BC9CEB8-8B4A-11D0-8D11-00A0C91BC942}") = "Task4", "Task4\Task4.vcxproj", "{13DEB111-8476-4CC8-A860-652B22E7F2C9}"
EndProject
Project("{8BC9CEB8-8B4A-11D0-8D11-00A0C91BC942}") = "Task5", "Task5\Task5.vcxproj", "{172CE92C-3BAC-424B-B2CE-6BDD2C306647}"
EndProject
Project("{8BC9CEB8-8B4A-11D0-8D11-00A0C91BC942}") = "Task6", "Task6\Task6.vcxproj", "{DC308187-B3F7-431D-AAB2-F0DFD5A8B11A}"
EndProject
Project("{8BC9CEB8-8B4A-11D0-8D11-00A0C91BC942}") = "Task7", "Task7\Task7.vcxproj", "{37D990F2-C753-48D2-82BB-07A57FDFE176}"
EndProject
Project("{8BC9CEB8-8B4A-11D0-8D11-00A0C91BC942}") = "Task8", "Task8\Task8.vcxproj", "{1B27793A-593F-405D-99AD-71A421DB0614}"
EndProject
Project("{8BC9CEB8-8B4A-11D0-8D11-00A0C91BC942}") = "Task9", "Task9\Task9.vcxproj", "{B8D98BC4-EBC7-40FE-ABD8-A0DDF3003B00}"
EndProject
Project("{8BC9CEB8-8B4A-11D0-8D11-00A0C91BC942}") = "Task10", "Task10\Task10.vcxproj", "{96858EF6-E919-4AE1-8D00-DD48830C47CA}"
EndProject
Project("{8BC9CEB8-8B4A-11D0-8D11-00A0C91BC942}") = "Task11", "Task11\Task11.vcxproj", "{0F041EC2-4692-4A5B-9BF1-A16B9EF50AE3}"
EndProject
Project("{8BC9CEB8-8B4A-11D0-8D11-00A0C91BC942}") = "Task12", "Task12\Task12.vcxproj", "{392EF933-D089-496B-B866-385AF0BCDC25}"
EndProject
Project("{8BC9CEB8-8B4A-11D0-8D11-00A0C91BC942}") = "Task13", "Task13\Task13.vcxproj", "{D5EC8046-4DA7-431A-AE4B-BCA4FB3A9704}"
EndProject
Project("{8BC9CEB8-8B4A-11D0-8D11-00A0C91BC942}") = "Task14", "Task14\Task14.vcxproj", "{9D1B18C6-F090-4A58-B0A6-C6377CC07B90}"
EndProject
Project("{8BC9CEB8-8B4A-11D0-8D11-00A0C91BC942}") = "Task15", "Task15\Task15.vcxproj", "{732206F1-8E98-401E-8D17-38D633892FA2}"
EndProject
Project("{8BC9CEB8-8B4A-11D0-8D11-00A0C91BC942}") = "Time", "Time\Time.vcxproj", "{D9CC0A00-8A9F-4A23-B93A-9611FBC33908}"
EndProject
Project("{8BC9CEB8-8B4A-11D0-8D11-00A0C91BC942}") = "time1", "time1\time1.vcxproj", "{30A3794C-52D8-4D7D-A0EF-F256D2012117}"
EndProject
Global
	GlobalSection(SolutionConfigurationPlatforms) = preSolution
		Debug|x64 = Debug|x64
		Debug|x86 = Debug|x86
		Release|x64 = Release|x64
		Release|x86 = Release|x86
	EndGlobalSection
	GlobalSection(ProjectConfigurationPlatforms) = postSolution
		{A406CB43-E921-4D53-84BF-AF9A26110960}.Debug|x64.ActiveCfg = Debug|x64
		{A406CB43-E921-4D53-84BF-AF9A26110960}.Debug|x64.Build.0 = Debug|x64
		{A406CB43-E921-4D53-84BF-AF9A26110960}.Debug|x86.ActiveCfg = Debug|Win32
		{A406CB43-E921-4D53-84BF-AF9A26110960}.Debug|x86.Build.0 = Debug|Win32
		{A406CB43-E921-4D53-84BF-AF9A26110960}.Release|x64.ActiveCfg = Release|x64
		{A406CB43-E921-4D53-84BF-AF9A26110960}.Release|x64.Build.0 = Release|x64
		{A406CB43-E921-4D53-84BF-AF9A26110960}.Release|x86.ActiveCfg = Release|Win32
		{A406CB43-E921-4D53-84BF-AF9A26110960}.Release|x86.Build.0 = Release|Win32
		{2C2F4E6E-0E21-4A3C-8BE4-3DB3E566ADCE}.Debug|x64.ActiveCfg = Debug|x64
		{2C2F4E6E-0E21-4A3C-8BE4-3DB3E566ADCE}.Debug|x64.Build.0 = Debug|x64
		{2C2F4E6E-0E21-4A3C-8BE4-3DB3E566ADCE}.Debug|x86.ActiveCfg = Debug|Win32
		{2C2F4E6E-0E21-4A3C-8BE4-3DB3E566ADCE}.Debug|x86.Build.0 = Debug|Win32
		{2C2F4E6E-0E21-4A3C-8BE4-3DB3E566ADCE}.Release|x64.ActiveCfg = Release|x64
		{2C2F4E6E-0E21-4A3C-8BE4-3DB3E566ADCE}.Release|x64.Build.0 = Release|x64
		{2C2F4E6E-0E21-4A3C-8BE4-3DB3E566ADCE}.Release|x86.ActiveCfg = Release|Win32
		{2C2F4E6E-0E21-4A3C-8BE4-3DB3E566ADCE}.Release|x86.Build.0 = Release|Win32
		{7C460343-832F-455B-A350-63F5B28A0077}.Debug|x64.ActiveCfg = Debug|x64
		{7C460343-832F-455B-A350-63F5B28A0077}.Debug|x64.Build.0 = Debug|x64
		{7C460343-832F-455B-A350-63F5B28A0077}.Debug|x86.ActiveCfg = Debug|Win32
		{7C460343-832F-455B-A350-63F5B28A0077}.Debug|x86.Build.0 = Debug|Win32
		{7C460343-832F-455B-A350-63F5B28A0077}.Release|x64.ActiveCfg = Release|x64
		{7C460343-832F-455B-A350-63F5B28A0077}.Release|x64.Build.0 = Release|x64
		{7C460343-832F-455B-A350-63F5B28A0077}.Release|x86.ActiveCfg = Release|Win32
		{7C460343-832F-455B-A350-63F5B28A0077}.Release|x86.Build.0 = Release|Win32
		{DF8B49B0-B10F-4CE5-B7D0-885C9DB966B0}.Debug|x64.ActiveCfg = Debug|x64
		{DF8B49B0-B10F-4CE5-B7D0-885C9DB966B0}.Debug|x64.Build.0 = Debug|x64
		{DF8B49B0-B10F-4CE5-B7D0-885C9DB966B0}.Debug|x86.ActiveCfg = Debug|Win32
		{DF8B49B0-B10F-4CE5-B7D0-885C9DB966B0}.Debug|x86.Build.0 = Debug|Win32
		{DF8B49B0-B10F-4CE5-B7D0-885C9DB966B0}.Release|x64.ActiveCfg = Release|x64
		{DF8B49B0-B10F-4CE5-B7D0-885C9DB966B0}.Release|x64.Build.0 = Release|x64
		{DF8B49B0-B10F-4CE5-B7D0-885C9DB966B0}.Release|x86.ActiveCfg = Release|Win32
		{DF8B49B0-B10F-4CE5-B7D0-885C9DB966B0}.Release|x86.Build.0 = Release|Win32
		{13DEB111-8476-4CC8-A860-652B22E7F2C9}.Debug|x64.ActiveCfg = Debug|x64
		{13DEB111-8476-4CC8-A860-652B22E7F2C9}.Debug|x64.Build.0 = Debug|x64
		{13DEB111-8476-4CC8-A860-652B22E7F2C9}.Debug|x86.ActiveCfg = Debug|Win32
		{13DEB111-8476-4CC8-A860-652B22E7F2C9}.Debug|x86.Build.0 = Debug|Win32
		{13DEB111-8476-4CC8-A860-652B22E7F2C9}.Release|x64.ActiveCfg = Release|x64
		{13DEB111-8476-4CC8-A860-652B22E7F2C9}.Release|x64.Build.0 = Release|x64
		{13DEB111-8476-4CC8-A860-652B22E7F2C9}.Release|x86.ActiveCfg = Release|Win32
		{13DEB111-8476-4CC8-A860-652B22E7F2C9}.Release|x86.Build.0 = Release|Win32
		{172CE92C-3BAC-424B-B2CE-6BDD2C306647}.Debug|x64.ActiveCfg = Debug|x64
		{172CE92C-3BAC-424B-B2CE-6BDD2C306647}.Debug|x64.Build.0 = Debug|x64
		{172CE92C-3BAC-424B-B2CE-6BDD2C306647}.Debug|x86.ActiveCfg = Debug|Win32
		{172CE92C-3BAC-424B-B2CE-6BDD2C306647}.Debug|x86.Build.0 = Debug|Win32
		{172CE92C-3BAC-424B-B2CE-6BDD2C306647}.Release|x64.ActiveCfg = Release|x64
		{172CE92C-3BAC-424B-B2CE-6BDD2C306647}.Release|x64.Build.0 = Release|x64
		{172CE92C-3BAC-424B-B2CE-6BDD2C306647}.Release|x86.ActiveCfg = Release|Win32
		{172CE92C-3BAC-424B-B2CE-6BDD2C306647}.Release|x86.Build.0 = Release|Win32
		{DC308187-B3F7-431D-AAB2-F0DFD5A8B11A}.Debug|x64.ActiveCfg = Debug|x64
		{DC308187-B3F7-431D-AAB2-F0DFD5A8B11A}.Debug|x64.Build.0 = Debug|x64
		{DC308187-B3F7-431D-AAB2-F0DFD5A8B11A}.Debug|x86.ActiveCfg = Debug|Win32
		{DC308187-B3F7-431D-AAB2-F0DFD5A8B11A}.Debug|x86.Build.0 = Debug|Win32
		{DC308187-B3F7-431D-AAB2-F0DFD5A8B11A}.Release|x64.ActiveCfg = Release|x64
		{DC308187-B3F7-431D-AAB2-F0DFD5A8B11A}.Release|x64.Build.0 = Release|x64
		{DC308187-B3F7-431D-AAB2-F0DFD5A8B11A}.Release|x86.ActiveCfg = Release|Win32
		{DC308187-B3F7-431D-AAB2-F0DFD5A8B11A}.Release|x86.Build.0 = Release|Win32
		{37D990F2-C753-48D2-82BB-07A57FDFE176}.Debug|x64.ActiveCfg = Debug|x64
		{37D990F2-C753-48D2-82BB-07A57FDFE176}.Debug|x64.Build.0 = Debug|x64
		{37D990F2-C753-48D2-82BB-07A57FDFE176}.Debug|x86.ActiveCfg = Debug|Win32
		{37D990F2-C753-48D2-82BB-07A57FDFE176}.Debug|x86.Build.0 = Debug|Win32
		{37D990F2-C753-48D2-82BB-07A57FDFE176}.Release|x64.ActiveCfg = Release|x64
		{37D990F2-C753-48D2-82BB-07A57FDFE176}.Release|x64.Build.0 = Release|x64
		{37D990F2-C753-48D2-82BB-07A57FDFE176}.Release|x86.ActiveCfg = Release|Win32
		{37D990F2-C753-48D2-82BB-07A57FDFE176}.Release|x86.Build.0 = Release|Win32
		{1B27793A-593F-405D-99AD-71A421DB0614}.Debug|x64.ActiveCfg = Debug|x64
		{1B27793A-593F-405D-99AD-71A421DB0614}.Debug|x64.Build.0 = Debug|x64
		{1B27793A-593F-405D-99AD-71A421DB0614}.Debug|x86.ActiveCfg = Debug|Win32
		{1B27793A-593F-405D-99AD-71A421DB0614}.Debug|x86.Build.0 = Debug|Win32
		{1B27793A-593F-405D-99AD-71A421DB0614}.Release|x64.ActiveCfg = Release|x64
		{1B27793A-593F-405D-99AD-71A421DB0614}.Release|x64.Build.0 = Release|x64
		{1B27793A-593F-405D-99AD-71A421DB0614}.Release|x86.ActiveCfg = Release|Win32
		{1B27793A-593F-405D-99AD-71A421DB0614}.Release|x86.Build.0 = Release|Win32
		{B8D98BC4-EBC7-40FE-ABD8-A0DDF3003B00}.Debug|x64.ActiveCfg = Debug|x64
		{B8D98BC4-EBC7-40FE-ABD8-A0DDF3003B00}.Debug|x64.Build.0 = Debug|x64
		{B8D98BC4-EBC7-40FE-ABD8-A0DDF3003B00}.Debug|x86.ActiveCfg = Debug|Win32
		{B8D98BC4-EBC7-40FE-ABD8-A0DDF3003B00}.Debug|x86.Build.0 = Debug|Win32
		{B8D98BC4-EBC7-40FE-ABD8-A0DDF3003B00}.Release|x64.ActiveCfg = Release|x64
		{B8D98BC4-EBC7-40FE-ABD8-A0DDF3003B00}.Release|x64.Build.0 = Release|x64
		{B8D98BC4-EBC7-40FE-ABD8-A0DDF3003B00}.Release|x86.ActiveCfg = Release|Win32
		{B8D98BC4-EBC7-40FE-ABD8-A0DDF3003B00}.Release|x86.Build.0 = Release|Win32
		{96858EF6-E919-4AE1-8D00-DD48830C47CA}.Debug|x64.ActiveCfg = Debug|x64
		{96858EF6-E919-4AE1-8D00-DD48830C47CA}.Debug|x64.Build.0 = Debug|x64
		{96858EF6-E919-4AE1-8D00-DD48830C47CA}.Debug|x86.ActiveCfg = Debug|Win32
		{96858EF6-E919-4AE1-8D00-DD48830C47CA}.Debug|x86.Build.0 = Debug|Win32
		{96858EF6-E919-4AE1-8D00-DD48830C47CA}.Release|x64.ActiveCfg = Release|x64
		{96858EF6-E919-4AE1-8D00-DD48830C47CA}.Release|x64.Build.0 = Release|x64
		{96858EF6-E919-4AE1-8D00-DD48830C47CA}.Release|x86.ActiveCfg = Release|Win32
		{96858EF6-E919-4AE1-8D00-DD48830C47CA}.Release|x86.Build.0 = Release|Win32
		{0F041EC2-4692-4A5B-9BF1-A16B9EF50AE3}.Debug|x64.ActiveCfg = Debug|x64
		{0F041EC2-4692-4A5B-9BF1-A16B9EF50AE3}.Debug|x64.Build.0 = Debug|x64
		{0F041EC2-4692-4A5B-9BF1-A16B9EF50AE3}.Debug|x86.ActiveCfg = Debug|Win32
		{0F041EC2-4692-4A5B-9BF1-A16B9EF50AE3}.Debug|x86.Build.0 = Debug|Win32
		{0F041EC2-4692-4A5B-9BF1-A16B9EF50AE3}.Release|x64.ActiveCfg = Release|x64
		{0F041EC2-4692-4A5B-9BF1-A16B9EF50AE3}.Release|x64.Build.0 = Release|x64
		{0F041EC2-4692-4A5B-9BF1-A16B9EF50AE3}.Release|x86.ActiveCfg = Release|Win32
		{0F041EC2-4692-4A5B-9BF1-A16B9EF50AE3}.Release|x86.Build.0 = Release|Win32
		{392EF933-D089-496B-B866-385AF0BCDC25}.Debug|x64.ActiveCfg = Debug|x64
		{392EF933-D089-496B-B866-385AF0BCDC25}.Debug|x64.Build.0 = Debug|x64
		{392EF933-D089-496B-B866-385AF0BCDC25}.Debug|x86.ActiveCfg = Debug|Win32
		{392EF933-D089-496B-B866-385AF0BCDC25}.Debug|x86.Build.0 = Debug|Win32
		{392EF933-D089-496B-B866-385AF0BCDC25}.Release|x64.ActiveCfg = Release|x64
		{392EF933-D089-496B-B866-385AF0BCDC25}.Release|x64.Build.0 = Release|x64
		{392EF933-D089-496B-B866-385AF0BCDC25}.Release|x86.ActiveCfg = Release|Win32
		{392EF933-D089-496B-B866-385AF0BCDC25}.Release|x86.Build.0 = Release|Win32
		{D5EC8046-4DA7-431A-AE4B-BCA4FB3A9704}.Debug|x64.ActiveCfg = Debug|x64
		{D5EC8046-4DA7-431A-AE4B-BCA4FB3A9704}.Debug|x64.Build.0 = Debug|x64
		{D5EC8046-4DA7-431A-AE4B-BCA4FB3A9704}.Debug|x86.ActiveCfg = Debug|Win32
		{D5EC8046-4DA7-431A-AE4B-BCA4FB3A9704}.Debug|x86.Build.0 = Debug|Win32
		{D5EC8046-4DA7-431A-AE4B-BCA4FB3A9704}.Release|x64.ActiveCfg = Release|x64
		{D5EC8046-4DA7-431A-AE4B-BCA4FB3A9704}.Release|x64.Build.0 = Release|x64
		{D5EC8046-4DA7-431A-AE4B-BCA4FB3A9704}.Release|x86.ActiveCfg = Release|Win32
		{D5EC8046-4DA7-431A-AE4B-BCA4FB3A9704}.Release|x86.Build.0 = Release|Win32
		{9D1B18C6-F090-4A58-B0A6-C6377CC07B90}.Debug|x64.ActiveCfg = Debug|x64
		{9D1B18C6-F090-4A58-B0A6-C6377CC07B90}.Debug|x64.Build.0 = Debug|x64
		{9D1B18C6-F090-4A58-B0A6-C6377CC07B90}.Debug|x86.ActiveCfg = Debug|Win32
		{9D1B18C6-F090-4A58-B0A6-C6377CC07B90}.Debug|x86.Build.0 = Debug|Win32
		{9D1B18C6-F090-4A58-B0A6-C6377CC07B90}.Release|x64.ActiveCfg = Release|x64
		{9D1B18C6-F090-4A58-B0A6-C6377CC07B90}.Release|x64.Build.0 = Release|x64
		{9D1B18C6-F090-4A58-B0A6-C6377CC07B90}.Release|x86.ActiveCfg = Release|Win32
		{9D1B18C6-F090-4A58-B0A6-C6377CC07B90}.Release|x86.Build.0 = Release|Win32
		{732206F1-8E98-401E-8D17-38D633892FA2}.Debug|x64.ActiveCfg = Debug|x64
		{732206F1-8E98-401E-8D17-38D633892FA2}.Debug|x64.Build.0 = Debug|x64
		{732206F1-8E98-401E-8D17-38D633892FA2}.Debug|x86.ActiveCfg = Debug|Win32
		{732206F1-8E98-401E-8D17-38D633892FA2}.Debug|x86.Build.0 = Debug|Win32
		{732206F1-8E98-401E-8D17-38D633892FA2}.Release|x64.ActiveCfg = Release|x64
		{732206F1-8E98-401E-8D17-38D633892FA2}.Release|x64.Build.0 = Release|x64
		{732206F1-8E98-401E-8D17-38D633892FA2}.Release|x86.ActiveCfg = Release|Win32
		{732206F1-8E98-401E-8D17-38D633892FA2}.Release|x86.Build.0 = Release|Win32
		{D9CC0A00-8A9F-4A23-B93A-9611FBC33908}.Debug|x64.ActiveCfg = Debug|x64
		{D9CC0A00-8A9F-4A23-B93A-9611FBC33908}.Debug|x64.Build.0 = Debug|x64
		{D9CC0A00-8A9F-4A23-B93A-9611FBC33908}.Debug|x86.ActiveCfg = Debug|Win32
		{D9CC0A00-8A9F-4A23-B93A-9611FBC33908}.Debug|x86.Build.0 = Debug|Win32
		{D9CC0A00-8A9F-4A23-B93A-9611FBC33908}.Release|x64.ActiveCfg = Release|x64
		{D9CC0A00-8A9F-4A23-B93A-9611FBC33908}.Release|x64.Build.0 = Release|x64
		{D9CC0A00-8A9F-4A23-B93A-9611FBC33908}.Release|x86.ActiveCfg = Release|Win32
		{D9CC0A00-8A9F-4A23-B93A-9611FBC33908}.Release|x86.Build.0 = Release|Win32
		{30A3794C-52D8-4D7D-A0EF-F256D2012117}.Debug|x64.ActiveCfg = Debug|x64
		{30A3794C-52D8-4D7D-A0EF-F256D2012117}.Debug|x64.Build.0 = Debug|x64
		{30A3794C-52D8-4D7D-A0EF-F256D2012117}.Debug|x86.ActiveCfg = Debug|Win32
		{30A3794C-52D8-4D7D-A0EF-F256D2012117}.Debug|x86.Build.0 = Debug|Win32
		{30A3794C-52D8-4D7D-A0EF-F256D2012117}.Release|x64.ActiveCfg = Release|x64
		{30A3794C-52D8-4D7D-A0EF-F256D2012117}.Release|x64.Build.0 = Release|x64
		{30A3794C-52D8-4D7D-A0EF-F256D2012117}.Release|x86.ActiveCfg = Release|Win32
		{30A3794C-52D8-4D7D-A0EF-F256D2012117}.Release|x86.Build.0 = Release|Win32
	EndGlobalSection
	GlobalSection(SolutionProperties) = preSolution
		HideSolutionNode = FALSE
	EndGlobalSection
	GlobalSection(ExtensibilityGlobals) = postSolution
		SolutionGuid = {76114BCC-8F4C-4067-97AB-F69F433F7784}
	EndGlobalSection
EndGlobal
