
Microsoft Visual Studio Solution File, Format Version 12.00
# Visual Studio Version 17
VisualStudioVersion = 17.8.34330.188
MinimumVisualStudioVersion = 10.0.40219.1
Project("{FAE04EC0-301F-11D3-BF4B-00C04F79EFBC}") = "Example1", "Example1.csproj", "{7B0AF514-4D17-49E5-9D34-9F20664618B8}"
EndProject
Project("{FAE04EC0-301F-11D3-BF4B-00C04F79EFBC}") = "Example2", "..\Example2\Example2.csproj", "{F15219FF-6580-4170-B45E-8C78C53EEB9A}"
EndProject
Global
	GlobalSection(SolutionConfigurationPlatforms) = preSolution
		Debug|Any CPU = Debug|Any CPU
		Release|Any CPU = Release|Any CPU
	EndGlobalSection
	GlobalSection(ProjectConfigurationPlatforms) = postSolution
		{7B0AF514-4D17-49E5-9D34-9F20664618B8}.Debug|Any CPU.ActiveCfg = Debug|Any CPU
		{7B0AF514-4D17-49E5-9D34-9F20664618B8}.Debug|Any CPU.Build.0 = Debug|Any CPU
		{7B0AF514-4D17-49E5-9D34-9F20664618B8}.Release|Any CPU.ActiveCfg = Release|Any CPU
		{7B0AF514-4D17-49E5-9D34-9F20664618B8}.Release|Any CPU.Build.0 = Release|Any CPU
		{F15219FF-6580-4170-B45E-8C78C53EEB9A}.Debug|Any CPU.ActiveCfg = Debug|Any CPU
		{F15219FF-6580-4170-B45E-8C78C53EEB9A}.Debug|Any CPU.Build.0 = Debug|Any CPU
		{F15219FF-6580-4170-B45E-8C78C53EEB9A}.Release|Any CPU.ActiveCfg = Release|Any CPU
		{F15219FF-6580-4170-B45E-8C78C53EEB9A}.Release|Any CPU.Build.0 = Release|Any CPU
	EndGlobalSection
	GlobalSection(SolutionProperties) = preSolution
		HideSolutionNode = FALSE
	EndGlobalSection
	GlobalSection(ExtensibilityGlobals) = postSolution
		SolutionGuid = {4628C9CE-04F0-4DCD-9E4A-EEBF0A0A68AF}
	EndGlobalSection
EndGlobal
