
Microsoft Visual Studio Solution File, Format Version 12.00
# Visual Studio Version 17
VisualStudioVersion = 17.3.32929.385
MinimumVisualStudioVersion = 10.0.40219.1
Project("{FAE04EC0-301F-11D3-BF4B-00C04F79EFBC}") = "153503_KakhnouskiEC_Lab7", "153503_KakhnouskiEC_Lab7\153503_KakhnouskiEC_Lab7.csproj", "{0809CD53-33C9-4E0B-92D8-C7BC5E98E9EE}"
EndProject
Project("{FAE04EC0-301F-11D3-BF4B-00C04F79EFBC}") = "ClassLibrary", "ClassLibrary\ClassLibrary.csproj", "{60F68E0C-2E4A-4BAA-8096-DF9C2776FFEF}"
EndProject
Global
	GlobalSection(SolutionConfigurationPlatforms) = preSolution
		Debug|Any CPU = Debug|Any CPU
		Release|Any CPU = Release|Any CPU
	EndGlobalSection
	GlobalSection(ProjectConfigurationPlatforms) = postSolution
		{0809CD53-33C9-4E0B-92D8-C7BC5E98E9EE}.Debug|Any CPU.ActiveCfg = Debug|Any CPU
		{0809CD53-33C9-4E0B-92D8-C7BC5E98E9EE}.Debug|Any CPU.Build.0 = Debug|Any CPU
		{0809CD53-33C9-4E0B-92D8-C7BC5E98E9EE}.Release|Any CPU.ActiveCfg = Release|Any CPU
		{0809CD53-33C9-4E0B-92D8-C7BC5E98E9EE}.Release|Any CPU.Build.0 = Release|Any CPU
		{60F68E0C-2E4A-4BAA-8096-DF9C2776FFEF}.Debug|Any CPU.ActiveCfg = Debug|Any CPU
		{60F68E0C-2E4A-4BAA-8096-DF9C2776FFEF}.Debug|Any CPU.Build.0 = Debug|Any CPU
		{60F68E0C-2E4A-4BAA-8096-DF9C2776FFEF}.Release|Any CPU.ActiveCfg = Release|Any CPU
		{60F68E0C-2E4A-4BAA-8096-DF9C2776FFEF}.Release|Any CPU.Build.0 = Release|Any CPU
	EndGlobalSection
	GlobalSection(SolutionProperties) = preSolution
		HideSolutionNode = FALSE
	EndGlobalSection
	GlobalSection(ExtensibilityGlobals) = postSolution
		SolutionGuid = {439EBE42-E745-4E17-98F6-666D9505370A}
	EndGlobalSection
EndGlobal
