
Microsoft Visual Studio Solution File, Format Version 12.00
# Visual Studio Version 17
VisualStudioVersion = 17.0.31611.283
MinimumVisualStudioVersion = 10.0.40219.1
Project("{9A19103F-16F7-4668-BE54-9A1E7A4F7556}") = "Kakhnouski_153503.UI", "Kakhnouski_153503.UI\Kakhnouski_153503.UI.csproj", "{ED345A2E-6F42-499A-8A35-4AF8BC86BDB6}"
EndProject
Project("{FAE04EC0-301F-11D3-BF4B-00C04F79EFBC}") = "Kakhnouski_153503.Domain", "Kakhnouski_153503.Domain\Kakhnouski_153503.Domain.csproj", "{E0499A66-B2BF-4129-820C-6CC5D1F2D554}"
EndProject
Project("{FAE04EC0-301F-11D3-BF4B-00C04F79EFBC}") = "Kakhnouski_153503.Application", "Kakhnouski_153503.Application\Kakhnouski_153503.Application.csproj", "{9EB9F997-C650-4A66-BC3E-77135EE4EE48}"
EndProject
Project("{FAE04EC0-301F-11D3-BF4B-00C04F79EFBC}") = "Kakhnouski_153503.Persistence", "Kakhnouski_153503.Persistence\Kakhnouski_153503.Persistence.csproj", "{D143948B-1EBD-475A-AF29-501888EB7C62}"
EndProject
Project("{FAE04EC0-301F-11D3-BF4B-00C04F79EFBC}") = "Test", "Test\Test.csproj", "{04026171-E81B-4885-BAF6-F20607755DDE}"
EndProject
Global
	GlobalSection(SolutionConfigurationPlatforms) = preSolution
		Debug|Any CPU = Debug|Any CPU
		Release|Any CPU = Release|Any CPU
	EndGlobalSection
	GlobalSection(ProjectConfigurationPlatforms) = postSolution
		{ED345A2E-6F42-499A-8A35-4AF8BC86BDB6}.Debug|Any CPU.ActiveCfg = Debug|Any CPU
		{ED345A2E-6F42-499A-8A35-4AF8BC86BDB6}.Debug|Any CPU.Build.0 = Debug|Any CPU
		{ED345A2E-6F42-499A-8A35-4AF8BC86BDB6}.Debug|Any CPU.Deploy.0 = Debug|Any CPU
		{ED345A2E-6F42-499A-8A35-4AF8BC86BDB6}.Release|Any CPU.ActiveCfg = Release|Any CPU
		{ED345A2E-6F42-499A-8A35-4AF8BC86BDB6}.Release|Any CPU.Build.0 = Release|Any CPU
		{ED345A2E-6F42-499A-8A35-4AF8BC86BDB6}.Release|Any CPU.Deploy.0 = Release|Any CPU
		{E0499A66-B2BF-4129-820C-6CC5D1F2D554}.Debug|Any CPU.ActiveCfg = Debug|Any CPU
		{E0499A66-B2BF-4129-820C-6CC5D1F2D554}.Debug|Any CPU.Build.0 = Debug|Any CPU
		{E0499A66-B2BF-4129-820C-6CC5D1F2D554}.Release|Any CPU.ActiveCfg = Release|Any CPU
		{E0499A66-B2BF-4129-820C-6CC5D1F2D554}.Release|Any CPU.Build.0 = Release|Any CPU
		{9EB9F997-C650-4A66-BC3E-77135EE4EE48}.Debug|Any CPU.ActiveCfg = Debug|Any CPU
		{9EB9F997-C650-4A66-BC3E-77135EE4EE48}.Debug|Any CPU.Build.0 = Debug|Any CPU
		{9EB9F997-C650-4A66-BC3E-77135EE4EE48}.Release|Any CPU.ActiveCfg = Release|Any CPU
		{9EB9F997-C650-4A66-BC3E-77135EE4EE48}.Release|Any CPU.Build.0 = Release|Any CPU
		{D143948B-1EBD-475A-AF29-501888EB7C62}.Debug|Any CPU.ActiveCfg = Debug|Any CPU
		{D143948B-1EBD-475A-AF29-501888EB7C62}.Debug|Any CPU.Build.0 = Debug|Any CPU
		{D143948B-1EBD-475A-AF29-501888EB7C62}.Release|Any CPU.ActiveCfg = Release|Any CPU
		{D143948B-1EBD-475A-AF29-501888EB7C62}.Release|Any CPU.Build.0 = Release|Any CPU
		{04026171-E81B-4885-BAF6-F20607755DDE}.Debug|Any CPU.ActiveCfg = Debug|Any CPU
		{04026171-E81B-4885-BAF6-F20607755DDE}.Debug|Any CPU.Build.0 = Debug|Any CPU
		{04026171-E81B-4885-BAF6-F20607755DDE}.Release|Any CPU.ActiveCfg = Release|Any CPU
		{04026171-E81B-4885-BAF6-F20607755DDE}.Release|Any CPU.Build.0 = Release|Any CPU
	EndGlobalSection
	GlobalSection(SolutionProperties) = preSolution
		HideSolutionNode = FALSE
	EndGlobalSection
	GlobalSection(ExtensibilityGlobals) = postSolution
		SolutionGuid = {61F7FB11-1E47-470C-91E2-47F8143E1572}
	EndGlobalSection
EndGlobal
